# THIS IS AN AUTOGENERATED FILE. DO NOT EDIT THIS FILE DIRECTLY.
# yarn lockfile v1


"@emnapi/core@^1.5.0":
  version "1.6.0"
  resolved "https://registry.npmjs.org/@emnapi/core/-/core-1.6.0.tgz"
  integrity sha512-zq/ay+9fNIJJtJiZxdTnXS20PllcYMX3OE23ESc4HK/bdYu3cOWYVhsOhVnXALfU/uqJIxn5NBPd9z4v+SfoSg==
  dependencies:
    "@emnapi/wasi-threads" "1.1.0"
    tslib "^2.4.0"

"@emnapi/runtime@^1.5.0":
  version "1.6.0"
  resolved "https://registry.npmjs.org/@emnapi/runtime/-/runtime-1.6.0.tgz"
  integrity sha512-obtUmAHTMjll499P+D9A3axeJFlhdjOWdKUNs/U6QIGT7V5RjcUW1xToAzjvmgTSQhDbYn/NwfTRoJcQ2rNBxA==
  dependencies:
    tslib "^2.4.0"

"@emnapi/wasi-threads@1.1.0":
  version "1.1.0"
  resolved "https://registry.npmjs.org/@emnapi/wasi-threads/-/wasi-threads-1.1.0.tgz"
  integrity sha512-WI0DdZ8xFSbgMjR1sFsKABJ/C5OnRrjT06JXbZKexJGrDuPTzZdDYfFlsgcCXCyf+suG5QU2e/y1Wo2V/OapLQ==
  dependencies:
    tslib "^2.4.0"

"@inquirer/ansi@^1.0.1":
  version "1.0.1"
  resolved "https://registry.npmjs.org/@inquirer/ansi/-/ansi-1.0.1.tgz"
  integrity sha512-yqq0aJW/5XPhi5xOAL1xRCpe1eh8UFVgYFpFsjEqmIR8rKLyP+HINvFXwUaxYICflJrVlxnp7lLN6As735kVpw==

"@inquirer/checkbox@^4.3.0":
  version "4.3.0"
  resolved "https://registry.npmjs.org/@inquirer/checkbox/-/checkbox-4.3.0.tgz"
  integrity sha512-5+Q3PKH35YsnoPTh75LucALdAxom6xh5D1oeY561x4cqBuH24ZFVyFREPe14xgnrtmGu3EEt1dIi60wRVSnGCw==
  dependencies:
    "@inquirer/ansi" "^1.0.1"
    "@inquirer/core" "^10.3.0"
    "@inquirer/figures" "^1.0.14"
    "@inquirer/type" "^3.0.9"
    yoctocolors-cjs "^2.1.2"

"@inquirer/confirm@^5.1.19":
  version "5.1.19"
  resolved "https://registry.npmjs.org/@inquirer/confirm/-/confirm-5.1.19.tgz"
  integrity sha512-wQNz9cfcxrtEnUyG5PndC8g3gZ7lGDBzmWiXZkX8ot3vfZ+/BLjR8EvyGX4YzQLeVqtAlY/YScZpW7CW8qMoDQ==
  dependencies:
    "@inquirer/core" "^10.3.0"
    "@inquirer/type" "^3.0.9"

"@inquirer/core@^10.3.0":
  version "10.3.0"
  resolved "https://registry.npmjs.org/@inquirer/core/-/core-10.3.0.tgz"
  integrity sha512-Uv2aPPPSK5jeCplQmQ9xadnFx2Zhj9b5Dj7bU6ZeCdDNNY11nhYy4btcSdtDguHqCT2h5oNeQTcUNSGGLA7NTA==
  dependencies:
    "@inquirer/ansi" "^1.0.1"
    "@inquirer/figures" "^1.0.14"
    "@inquirer/type" "^3.0.9"
    cli-width "^4.1.0"
    mute-stream "^2.0.0"
    signal-exit "^4.1.0"
    wrap-ansi "^6.2.0"
    yoctocolors-cjs "^2.1.2"

"@inquirer/editor@^4.2.21":
  version "4.2.21"
  resolved "https://registry.npmjs.org/@inquirer/editor/-/editor-4.2.21.tgz"
  integrity sha512-MjtjOGjr0Kh4BciaFShYpZ1s9400idOdvQ5D7u7lE6VztPFoyLcVNE5dXBmEEIQq5zi4B9h2kU+q7AVBxJMAkQ==
  dependencies:
    "@inquirer/core" "^10.3.0"
    "@inquirer/external-editor" "^1.0.2"
    "@inquirer/type" "^3.0.9"

"@inquirer/expand@^4.0.21":
  version "4.0.21"
  resolved "https://registry.npmjs.org/@inquirer/expand/-/expand-4.0.21.tgz"
  integrity sha512-+mScLhIcbPFmuvU3tAGBed78XvYHSvCl6dBiYMlzCLhpr0bzGzd8tfivMMeqND6XZiaZ1tgusbUHJEfc6YzOdA==
  dependencies:
    "@inquirer/core" "^10.3.0"
    "@inquirer/type" "^3.0.9"
    yoctocolors-cjs "^2.1.2"

"@inquirer/external-editor@^1.0.2":
  version "1.0.2"
  resolved "https://registry.npmjs.org/@inquirer/external-editor/-/external-editor-1.0.2.tgz"
  integrity sha512-yy9cOoBnx58TlsPrIxauKIFQTiyH+0MK4e97y4sV9ERbI+zDxw7i2hxHLCIEGIE/8PPvDxGhgzIOTSOWcs6/MQ==
  dependencies:
    chardet "^2.1.0"
    iconv-lite "^0.7.0"

"@inquirer/figures@^1.0.14":
  version "1.0.14"
  resolved "https://registry.npmjs.org/@inquirer/figures/-/figures-1.0.14.tgz"
  integrity sha512-DbFgdt+9/OZYFM+19dbpXOSeAstPy884FPy1KjDu4anWwymZeOYhMY1mdFri172htv6mvc/uvIAAi7b7tvjJBQ==

"@inquirer/input@^4.2.5":
  version "4.2.5"
  resolved "https://registry.npmjs.org/@inquirer/input/-/input-4.2.5.tgz"
  integrity sha512-7GoWev7P6s7t0oJbenH0eQ0ThNdDJbEAEtVt9vsrYZ9FulIokvd823yLyhQlWHJPGce1wzP53ttfdCZmonMHyA==
  dependencies:
    "@inquirer/core" "^10.3.0"
    "@inquirer/type" "^3.0.9"

"@inquirer/number@^3.0.21":
  version "3.0.21"
  resolved "https://registry.npmjs.org/@inquirer/number/-/number-3.0.21.tgz"
  integrity sha512-5QWs0KGaNMlhbdhOSCFfKsW+/dcAVC2g4wT/z2MCiZM47uLgatC5N20kpkDQf7dHx+XFct/MJvvNGy6aYJn4Pw==
  dependencies:
    "@inquirer/core" "^10.3.0"
    "@inquirer/type" "^3.0.9"

"@inquirer/password@^4.0.21":
  version "4.0.21"
  resolved "https://registry.npmjs.org/@inquirer/password/-/password-4.0.21.tgz"
  integrity sha512-xxeW1V5SbNFNig2pLfetsDb0svWlKuhmr7MPJZMYuDnCTkpVBI+X/doudg4pznc1/U+yYmWFFOi4hNvGgUo7EA==
  dependencies:
    "@inquirer/ansi" "^1.0.1"
    "@inquirer/core" "^10.3.0"
    "@inquirer/type" "^3.0.9"

"@inquirer/prompts@^7.8.4":
  version "7.9.0"
  resolved "https://registry.npmjs.org/@inquirer/prompts/-/prompts-7.9.0.tgz"
  integrity sha512-X7/+dG9SLpSzRkwgG5/xiIzW0oMrV3C0HOa7YHG1WnrLK+vCQHfte4k/T80059YBdei29RBC3s+pSMvPJDU9/A==
  dependencies:
    "@inquirer/checkbox" "^4.3.0"
    "@inquirer/confirm" "^5.1.19"
    "@inquirer/editor" "^4.2.21"
    "@inquirer/expand" "^4.0.21"
    "@inquirer/input" "^4.2.5"
    "@inquirer/number" "^3.0.21"
    "@inquirer/password" "^4.0.21"
    "@inquirer/rawlist" "^4.1.9"
    "@inquirer/search" "^3.2.0"
    "@inquirer/select" "^4.4.0"

"@inquirer/rawlist@^4.1.9":
  version "4.1.9"
  resolved "https://registry.npmjs.org/@inquirer/rawlist/-/rawlist-4.1.9.tgz"
  integrity sha512-AWpxB7MuJrRiSfTKGJ7Y68imYt8P9N3Gaa7ySdkFj1iWjr6WfbGAhdZvw/UnhFXTHITJzxGUI9k8IX7akAEBCg==
  dependencies:
    "@inquirer/core" "^10.3.0"
    "@inquirer/type" "^3.0.9"
    yoctocolors-cjs "^2.1.2"

"@inquirer/search@^3.2.0":
  version "3.2.0"
  resolved "https://registry.npmjs.org/@inquirer/search/-/search-3.2.0.tgz"
  integrity sha512-a5SzB/qrXafDX1Z4AZW3CsVoiNxcIYCzYP7r9RzrfMpaLpB+yWi5U8BWagZyLmwR0pKbbL5umnGRd0RzGVI8bQ==
  dependencies:
    "@inquirer/core" "^10.3.0"
    "@inquirer/figures" "^1.0.14"
    "@inquirer/type" "^3.0.9"
    yoctocolors-cjs "^2.1.2"

"@inquirer/select@^4.4.0":
  version "4.4.0"
  resolved "https://registry.npmjs.org/@inquirer/select/-/select-4.4.0.tgz"
  integrity sha512-kaC3FHsJZvVyIjYBs5Ih8y8Bj4P/QItQWrZW22WJax7zTN+ZPXVGuOM55vzbdCP9zKUiBd9iEJVdesujfF+cAA==
  dependencies:
    "@inquirer/ansi" "^1.0.1"
    "@inquirer/core" "^10.3.0"
    "@inquirer/figures" "^1.0.14"
    "@inquirer/type" "^3.0.9"
    yoctocolors-cjs "^2.1.2"

"@inquirer/type@^3.0.9":
  version "3.0.9"
  resolved "https://registry.npmjs.org/@inquirer/type/-/type-3.0.9.tgz"
  integrity sha512-QPaNt/nmE2bLGQa9b7wwyRJoLZ7pN6rcyXvzU0YCmivmJyq1BVo94G98tStRWkoD1RgDX5C+dPlhhHzNdu/W/w==

"@napi-rs/cli@^3.4.0":
  version "3.4.1"
  resolved "https://registry.npmjs.org/@napi-rs/cli/-/cli-3.4.1.tgz"
  integrity sha512-ayhm+NfrP5Hmh7vy5pfyYm/ktYtLh2PrgdLuqHTAubO7RoO2JkUE4F991AtgYxNewwXI8+guZLxU8itV7QnDrQ==
  dependencies:
    "@inquirer/prompts" "^7.8.4"
    "@napi-rs/cross-toolchain" "^1.0.3"
    "@napi-rs/wasm-tools" "^1.0.1"
    "@octokit/rest" "^22.0.0"
    clipanion "^4.0.0-rc.4"
    colorette "^2.0.20"
    debug "^4.4.1"
    emnapi "^1.5.0"
    es-toolkit "^1.39.10"
    js-yaml "^4.1.0"
    semver "^7.7.2"
    typanion "^3.14.0"

"@napi-rs/cross-toolchain@^1.0.3":
  version "1.0.3"
  resolved "https://registry.npmjs.org/@napi-rs/cross-toolchain/-/cross-toolchain-1.0.3.tgz"
  integrity sha512-ENPfLe4937bsKVTDA6zdABx4pq9w0tHqRrJHyaGxgaPq03a2Bd1unD5XSKjXJjebsABJ+MjAv1A2OvCgK9yehg==
  dependencies:
    "@napi-rs/lzma" "^1.4.5"
    "@napi-rs/tar" "^1.1.0"
    debug "^4.4.1"

"@napi-rs/lzma-win32-x64-msvc@1.4.5":
  version "1.4.5"
  resolved "https://registry.npmjs.org/@napi-rs/lzma-win32-x64-msvc/-/lzma-win32-x64-msvc-1.4.5.tgz"
  integrity sha512-T4I1SamdSmtyZgDXGAGP+y5LEK5vxHUFwe8mz6D4R7Sa5/WCxTcCIgPJ9BD7RkpO17lzhlaM2vmVvMy96Lvk9Q==

"@napi-rs/lzma@^1.4.5":
  version "1.4.5"
  resolved "https://registry.npmjs.org/@napi-rs/lzma/-/lzma-1.4.5.tgz"
  integrity sha512-zS5LuN1OBPAyZpda2ZZgYOEDC+xecUdAGnrvbYzjnLXkrq/OBC3B9qcRvlxbDR3k5H/gVfvef1/jyUqPknqjbg==
  optionalDependencies:
    "@napi-rs/lzma-android-arm-eabi" "1.4.5"
    "@napi-rs/lzma-android-arm64" "1.4.5"
    "@napi-rs/lzma-darwin-arm64" "1.4.5"
    "@napi-rs/lzma-darwin-x64" "1.4.5"
    "@napi-rs/lzma-freebsd-x64" "1.4.5"
    "@napi-rs/lzma-linux-arm-gnueabihf" "1.4.5"
    "@napi-rs/lzma-linux-arm64-gnu" "1.4.5"
    "@napi-rs/lzma-linux-arm64-musl" "1.4.5"
    "@napi-rs/lzma-linux-ppc64-gnu" "1.4.5"
    "@napi-rs/lzma-linux-riscv64-gnu" "1.4.5"
    "@napi-rs/lzma-linux-s390x-gnu" "1.4.5"
    "@napi-rs/lzma-linux-x64-gnu" "1.4.5"
    "@napi-rs/lzma-linux-x64-musl" "1.4.5"
    "@napi-rs/lzma-wasm32-wasi" "1.4.5"
    "@napi-rs/lzma-win32-arm64-msvc" "1.4.5"
    "@napi-rs/lzma-win32-ia32-msvc" "1.4.5"
    "@napi-rs/lzma-win32-x64-msvc" "1.4.5"

"@napi-rs/tar-win32-x64-msvc@1.1.0":
  version "1.1.0"
  resolved "https://registry.npmjs.org/@napi-rs/tar-win32-x64-msvc/-/tar-win32-x64-msvc-1.1.0.tgz"
  integrity sha512-L6Ed1DxXK9YSCMyvpR8MiNAyKNkQLjsHsHK9E0qnHa8NzLFqzDKhvs5LfnWxM2kJ+F7m/e5n9zPm24kHb3LsVw==

"@napi-rs/tar@^1.1.0":
  version "1.1.0"
  resolved "https://registry.npmjs.org/@napi-rs/tar/-/tar-1.1.0.tgz"
  integrity sha512-7cmzIu+Vbupriudo7UudoMRH2OA3cTw67vva8MxeoAe5S7vPFI7z0vp0pMXiA25S8IUJefImQ90FeJjl8fjEaQ==
  optionalDependencies:
    "@napi-rs/tar-android-arm-eabi" "1.1.0"
    "@napi-rs/tar-android-arm64" "1.1.0"
    "@napi-rs/tar-darwin-arm64" "1.1.0"
    "@napi-rs/tar-darwin-x64" "1.1.0"
    "@napi-rs/tar-freebsd-x64" "1.1.0"
    "@napi-rs/tar-linux-arm-gnueabihf" "1.1.0"
    "@napi-rs/tar-linux-arm64-gnu" "1.1.0"
    "@napi-rs/tar-linux-arm64-musl" "1.1.0"
    "@napi-rs/tar-linux-ppc64-gnu" "1.1.0"
    "@napi-rs/tar-linux-s390x-gnu" "1.1.0"
    "@napi-rs/tar-linux-x64-gnu" "1.1.0"
    "@napi-rs/tar-linux-x64-musl" "1.1.0"
    "@napi-rs/tar-wasm32-wasi" "1.1.0"
    "@napi-rs/tar-win32-arm64-msvc" "1.1.0"
    "@napi-rs/tar-win32-ia32-msvc" "1.1.0"
    "@napi-rs/tar-win32-x64-msvc" "1.1.0"

"@napi-rs/wasm-tools-win32-x64-msvc@1.0.1":
  version "1.0.1"
  resolved "https://registry.npmjs.org/@napi-rs/wasm-tools-win32-x64-msvc/-/wasm-tools-win32-x64-msvc-1.0.1.tgz"
  integrity sha512-rEAf05nol3e3eei2sRButmgXP+6ATgm0/38MKhz9Isne82T4rPIMYsCIFj0kOisaGeVwoi2fnm7O9oWp5YVnYQ==

"@napi-rs/wasm-tools@^1.0.1":
  version "1.0.1"
  resolved "https://registry.npmjs.org/@napi-rs/wasm-tools/-/wasm-tools-1.0.1.tgz"
  integrity sha512-enkZYyuCdo+9jneCPE/0fjIta4wWnvVN9hBo2HuiMpRF0q3lzv1J6b/cl7i0mxZUKhBrV3aCKDBQnCOhwKbPmQ==
  optionalDependencies:
    "@napi-rs/wasm-tools-android-arm-eabi" "1.0.1"
    "@napi-rs/wasm-tools-android-arm64" "1.0.1"
    "@napi-rs/wasm-tools-darwin-arm64" "1.0.1"
    "@napi-rs/wasm-tools-darwin-x64" "1.0.1"
    "@napi-rs/wasm-tools-freebsd-x64" "1.0.1"
    "@napi-rs/wasm-tools-linux-arm64-gnu" "1.0.1"
    "@napi-rs/wasm-tools-linux-arm64-musl" "1.0.1"
    "@napi-rs/wasm-tools-linux-x64-gnu" "1.0.1"
    "@napi-rs/wasm-tools-linux-x64-musl" "1.0.1"
    "@napi-rs/wasm-tools-wasm32-wasi" "1.0.1"
    "@napi-rs/wasm-tools-win32-arm64-msvc" "1.0.1"
    "@napi-rs/wasm-tools-win32-ia32-msvc" "1.0.1"
    "@napi-rs/wasm-tools-win32-x64-msvc" "1.0.1"

"@octokit/auth-token@^6.0.0":
  version "6.0.0"
  resolved "https://registry.npmjs.org/@octokit/auth-token/-/auth-token-6.0.0.tgz"
  integrity sha512-P4YJBPdPSpWTQ1NU4XYdvHvXJJDxM6YwpS0FZHRgP7YFkdVxsWcpWGy/NVqlAA7PcPCnMacXlRm1y2PFZRWL/w==

"@octokit/core@^7.0.2", "@octokit/core@>=6":
  version "7.0.5"
  resolved "https://registry.npmjs.org/@octokit/core/-/core-7.0.5.tgz"
  integrity sha512-t54CUOsFMappY1Jbzb7fetWeO0n6K0k/4+/ZpkS+3Joz8I4VcvY9OiEBFRYISqaI2fq5sCiPtAjRDOzVYG8m+Q==
  dependencies:
    "@octokit/auth-token" "^6.0.0"
    "@octokit/graphql" "^9.0.2"
    "@octokit/request" "^10.0.4"
    "@octokit/request-error" "^7.0.1"
    "@octokit/types" "^15.0.0"
    before-after-hook "^4.0.0"
    universal-user-agent "^7.0.0"

"@octokit/endpoint@^11.0.1":
  version "11.0.1"
  resolved "https://registry.npmjs.org/@octokit/endpoint/-/endpoint-11.0.1.tgz"
  integrity sha512-7P1dRAZxuWAOPI7kXfio88trNi/MegQ0IJD3vfgC3b+LZo1Qe6gRJc2v0mz2USWWJOKrB2h5spXCzGbw+fAdqA==
  dependencies:
    "@octokit/types" "^15.0.0"
    universal-user-agent "^7.0.2"

"@octokit/graphql@^9.0.2":
  version "9.0.2"
  resolved "https://registry.npmjs.org/@octokit/graphql/-/graphql-9.0.2.tgz"
  integrity sha512-iz6KzZ7u95Fzy9Nt2L8cG88lGRMr/qy1Q36ih/XVzMIlPDMYwaNLE/ENhqmIzgPrlNWiYJkwmveEetvxAgFBJw==
  dependencies:
    "@octokit/request" "^10.0.4"
    "@octokit/types" "^15.0.0"
    universal-user-agent "^7.0.0"

"@octokit/openapi-types@^26.0.0":
  version "26.0.0"
  resolved "https://registry.npmjs.org/@octokit/openapi-types/-/openapi-types-26.0.0.tgz"
  integrity sha512-7AtcfKtpo77j7Ts73b4OWhOZHTKo/gGY8bB3bNBQz4H+GRSWqx2yvj8TXRsbdTE0eRmYmXOEY66jM7mJ7LzfsA==

"@octokit/plugin-paginate-rest@^13.0.1":
  version "13.2.1"
  resolved "https://registry.npmjs.org/@octokit/plugin-paginate-rest/-/plugin-paginate-rest-13.2.1.tgz"
  integrity sha512-Tj4PkZyIL6eBMYcG/76QGsedF0+dWVeLhYprTmuFVVxzDW7PQh23tM0TP0z+1MvSkxB29YFZwnUX+cXfTiSdyw==
  dependencies:
    "@octokit/types" "^15.0.1"

"@octokit/plugin-request-log@^6.0.0":
  version "6.0.0"
  resolved "https://registry.npmjs.org/@octokit/plugin-request-log/-/plugin-request-log-6.0.0.tgz"
  integrity sha512-UkOzeEN3W91/eBq9sPZNQ7sUBvYCqYbrrD8gTbBuGtHEuycE4/awMXcYvx6sVYo7LypPhmQwwpUe4Yyu4QZN5Q==

"@octokit/plugin-rest-endpoint-methods@^16.0.0":
  version "16.1.1"
  resolved "https://registry.npmjs.org/@octokit/plugin-rest-endpoint-methods/-/plugin-rest-endpoint-methods-16.1.1.tgz"
  integrity sha512-VztDkhM0ketQYSh5Im3IcKWFZl7VIrrsCaHbDINkdYeiiAsJzjhS2xRFCSJgfN6VOcsoW4laMtsmf3HcNqIimg==
  dependencies:
    "@octokit/types" "^15.0.1"

"@octokit/request-error@^7.0.1":
  version "7.0.1"
  resolved "https://registry.npmjs.org/@octokit/request-error/-/request-error-7.0.1.tgz"
  integrity sha512-CZpFwV4+1uBrxu7Cw8E5NCXDWFNf18MSY23TdxCBgjw1tXXHvTrZVsXlW8hgFTOLw8RQR1BBrMvYRtuyaijHMA==
  dependencies:
    "@octokit/types" "^15.0.0"

"@octokit/request@^10.0.4":
  version "10.0.5"
  resolved "https://registry.npmjs.org/@octokit/request/-/request-10.0.5.tgz"
  integrity sha512-TXnouHIYLtgDhKo+N6mXATnDBkV05VwbR0TtMWpgTHIoQdRQfCSzmy/LGqR1AbRMbijq/EckC/E3/ZNcU92NaQ==
  dependencies:
    "@octokit/endpoint" "^11.0.1"
    "@octokit/request-error" "^7.0.1"
    "@octokit/types" "^15.0.0"
    fast-content-type-parse "^3.0.0"
    universal-user-agent "^7.0.2"

"@octokit/rest@^22.0.0":
  version "22.0.0"
  resolved "https://registry.npmjs.org/@octokit/rest/-/rest-22.0.0.tgz"
  integrity sha512-z6tmTu9BTnw51jYGulxrlernpsQYXpui1RK21vmXn8yF5bp6iX16yfTtJYGK5Mh1qDkvDOmp2n8sRMcQmR8jiA==
  dependencies:
    "@octokit/core" "^7.0.2"
    "@octokit/plugin-paginate-rest" "^13.0.1"
    "@octokit/plugin-request-log" "^6.0.0"
    "@octokit/plugin-rest-endpoint-methods" "^16.0.0"

"@octokit/types@^15.0.0", "@octokit/types@^15.0.1":
  version "15.0.1"
  resolved "https://registry.npmjs.org/@octokit/types/-/types-15.0.1.tgz"
  integrity sha512-sdiirM93IYJ9ODDCBgmRPIboLbSkpLa5i+WLuXH8b8Atg+YMLAyLvDDhNWLV4OYd08tlvYfVm/dw88cqHWtw1Q==
  dependencies:
    "@octokit/openapi-types" "^26.0.0"

"@skidy89/ssl.js-win32-x64-msvc@1.0.4":
  version "1.0.4"
  resolved "https://registry.npmjs.org/@skidy89/ssl.js-win32-x64-msvc/-/ssl.js-win32-x64-msvc-1.0.4.tgz"
  integrity sha512-Qa8HPsm8UVJP8M9G5Nv+9pbzZB1kH8IQJeU9j7jWDEfbFlCbIHL8HS5lTWB4XWRQ26alOg8ZcT8YpZBm/s9puQ==

"@skidy89/ssl.js@^1.0.4":
  version "1.0.4"
  resolved "https://registry.npmjs.org/@skidy89/ssl.js/-/ssl.js-1.0.4.tgz"
  integrity sha512-eXqkHH/QCv4JVgzMpevvUWFPWwN0P28SagUUTZnwvgdyuRDxHyOvGuECxZ8PNOJUu0w6C37Xlr98S6LeB53l1Q==
  optionalDependencies:
    "@skidy89/ssl.js-linux-arm64-gnu" "1.0.4"
    "@skidy89/ssl.js-linux-arm64-musl" "1.0.4"
    "@skidy89/ssl.js-linux-x64-gnu" "1.0.4"
    "@skidy89/ssl.js-linux-x64-musl" "1.0.4"
    "@skidy89/ssl.js-win32-arm64-msvc" "1.0.4"
    "@skidy89/ssl.js-win32-ia32-msvc" "1.0.4"
    "@skidy89/ssl.js-win32-x64-msvc" "1.0.4"

"@tybys/wasm-util@^0.10.1":
  version "0.10.1"
  resolved "https://registry.npmjs.org/@tybys/wasm-util/-/wasm-util-0.10.1.tgz"
  integrity sha512-9tTaPJLSiejZKx+Bmog4uSubteqTvFrVrURwkmHixBo0G4seD0zUxp98E1DzUBJxLQ3NPwXrGKDiVjwx/DpPsg==
  dependencies:
    tslib "^2.4.0"

ansi-regex@^5.0.1:
  version "5.0.1"
  resolved "https://registry.npmjs.org/ansi-regex/-/ansi-regex-5.0.1.tgz"
  integrity sha512-quJQXlTSUGL2LH9SUXo8VwsY4soanhgo6LNSm84E1LBcE8s3O0wpdiRzyR9z/ZZJMlMWv37qOOb9pdJlMUEKFQ==

ansi-styles@^4.0.0:
  version "4.3.0"
  resolved "https://registry.npmjs.org/ansi-styles/-/ansi-styles-4.3.0.tgz"
  integrity sha512-zbB9rCJAT1rbjiVDb2hqKFHNYLxgtk8NURxZ3IZwD3F6NtxbXZQCnnSi1Lkx+IDohdPlFp222wVALIheZJQSEg==
  dependencies:
    color-convert "^2.0.1"

argparse@^2.0.1:
  version "2.0.1"
  resolved "https://registry.npmjs.org/argparse/-/argparse-2.0.1.tgz"
  integrity sha512-8+9WqebbFzpX9OR+Wa6O29asIogeRMzcGtAINdpMHHyAg10f05aSFVBbcEqGf/PXw1EjAZ+q2/bEBg3DvurK3Q==

before-after-hook@^4.0.0:
  version "4.0.0"
  resolved "https://registry.npmjs.org/before-after-hook/-/before-after-hook-4.0.0.tgz"
  integrity sha512-q6tR3RPqIB1pMiTRMFcZwuG5T8vwp+vUvEG0vuI6B+Rikh5BfPp2fQ82c925FOs+b0lcFQ8CFrL+KbilfZFhOQ==

chardet@^2.1.0:
  version "2.1.0"
  resolved "https://registry.npmjs.org/chardet/-/chardet-2.1.0.tgz"
  integrity sha512-bNFETTG/pM5ryzQ9Ad0lJOTa6HWD/YsScAR3EnCPZRPlQh77JocYktSHOUHelyhm8IARL+o4c4F1bP5KVOjiRA==

cli-width@^4.1.0:
  version "4.1.0"
  resolved "https://registry.npmjs.org/cli-width/-/cli-width-4.1.0.tgz"
  integrity sha512-ouuZd4/dm2Sw5Gmqy6bGyNNNe1qt9RpmxveLSO7KcgsTnU7RXfsw+/bukWGo1abgBiMAic068rclZsO4IWmmxQ==

clipanion@^4.0.0-rc.4:
  version "4.0.0-rc.4"
  resolved "https://registry.npmjs.org/clipanion/-/clipanion-4.0.0-rc.4.tgz"
  integrity sha512-CXkMQxU6s9GklO/1f714dkKBMu1lopS1WFF0B8o4AxPykR1hpozxSiUZ5ZUeBjfPgCWqbcNOtZVFhB8Lkfp1+Q==
  dependencies:
    typanion "^3.8.0"

color-convert@^2.0.1:
  version "2.0.1"
  resolved "https://registry.npmjs.org/color-convert/-/color-convert-2.0.1.tgz"
  integrity sha512-RRECPsj7iu/xb5oKYcsFHSppFNnsj/52OVTRKb4zP5onXwVF3zVmmToNcOfGC+CRDpfK/U584fMg38ZHCaElKQ==
  dependencies:
    color-name "~1.1.4"

color-name@~1.1.4:
  version "1.1.4"
  resolved "https://registry.npmjs.org/color-name/-/color-name-1.1.4.tgz"
  integrity sha512-dOy+3AuW3a2wNbZHIuMZpTcgjGuLU/uBL/ubcZF9OXbDo8ff4O8yVp5Bf0efS8uEoYo5q4Fx7dY9OgQGXgAsQA==

colorette@^2.0.20:
  version "2.0.20"
  resolved "https://registry.npmjs.org/colorette/-/colorette-2.0.20.tgz"
  integrity sha512-IfEDxwoWIjkeXL1eXcDiow4UbKjhLdq6/EuSVR9GMN7KVH3r9gQ83e73hsz1Nd1T3ijd5xv1wcWRYO+D6kCI2w==

debug@^4.4.1:
  version "4.4.3"
  resolved "https://registry.npmjs.org/debug/-/debug-4.4.3.tgz"
  integrity sha512-RGwwWnwQvkVfavKVt22FGLw+xYSdzARwm0ru6DhTVA3umU5hZc28V3kO4stgYryrTlLpuvgI9GiijltAjNbcqA==
  dependencies:
    ms "^2.1.3"

emnapi@^1.5.0:
  version "1.6.0"
  resolved "https://registry.npmjs.org/emnapi/-/emnapi-1.6.0.tgz"
  integrity sha512-Hx0FqhPchuwkDauQdgamWAn6MHbOX1CPIFfObXqxTEmngZUYM9mZLcPS/civeVT5x73xkBV1ZIwKWfessIFTgQ==

emoji-regex@^8.0.0:
  version "8.0.0"
  resolved "https://registry.npmjs.org/emoji-regex/-/emoji-regex-8.0.0.tgz"
  integrity sha512-MSjYzcWNOA0ewAHpz0MxpYFvwg6yjy1NG3xteoqz644VCo/RPgnr1/GGt+ic3iJTzQ8Eu3TdM14SawnVUmGE6A==

es-toolkit@^1.39.10:
  version "1.41.0"
  resolved "https://registry.npmjs.org/es-toolkit/-/es-toolkit-1.41.0.tgz"
  integrity sha512-bDd3oRmbVgqZCJS6WmeQieOrzpl3URcWBUVDXxOELlUW2FuW+0glPOz1n0KnRie+PdyvUZcXz2sOn00c6pPRIA==

fast-content-type-parse@^3.0.0:
  version "3.0.0"
  resolved "https://registry.npmjs.org/fast-content-type-parse/-/fast-content-type-parse-3.0.0.tgz"
  integrity sha512-ZvLdcY8P+N8mGQJahJV5G4U88CSvT1rP8ApL6uETe88MBXrBHAkZlSEySdUlyztF7ccb+Znos3TFqaepHxdhBg==

iconv-lite@^0.7.0:
  version "0.7.0"
  resolved "https://registry.npmjs.org/iconv-lite/-/iconv-lite-0.7.0.tgz"
  integrity sha512-cf6L2Ds3h57VVmkZe+Pn+5APsT7FpqJtEhhieDCvrE2MK5Qk9MyffgQyuxQTm6BChfeZNtcOLHp9IcWRVcIcBQ==
  dependencies:
    safer-buffer ">= 2.1.2 < 3.0.0"

is-fullwidth-code-point@^3.0.0:
  version "3.0.0"
  resolved "https://registry.npmjs.org/is-fullwidth-code-point/-/is-fullwidth-code-point-3.0.0.tgz"
  integrity sha512-zymm5+u+sCsSWyD9qNaejV3DFvhCKclKdizYaJUuHA83RLjb7nSuGnddCHGv0hk+KY7BMAlsWeK4Ueg6EV6XQg==

js-yaml@^4.1.0:
  version "4.1.0"
  resolved "https://registry.npmjs.org/js-yaml/-/js-yaml-4.1.0.tgz"
  integrity sha512-wpxZs9NoxZaJESJGIZTyDEaYpl0FKSA+FB9aJiyemKhMwkxQg63h4T1KJgUGHpTqPDNRcmmYLugrRjJlBtWvRA==
  dependencies:
    argparse "^2.0.1"

ms@^2.1.3:
  version "2.1.3"
  resolved "https://registry.npmjs.org/ms/-/ms-2.1.3.tgz"
  integrity sha512-6FlzubTLZG3J2a/NVCAleEhjzq5oxgHyaCU9yYXvcLsvoVaHJq/s5xXI6/XXP6tz7R9xAOtHnSO/tXtF3WRTlA==

mute-stream@^2.0.0:
  version "2.0.0"
  resolved "https://registry.npmjs.org/mute-stream/-/mute-stream-2.0.0.tgz"
  integrity sha512-WWdIxpyjEn+FhQJQQv9aQAYlHoNVdzIzUySNV1gHUPDSdZJ3yZn7pAAbQcV7B56Mvu881q9FZV+0Vx2xC44VWA==

"safer-buffer@>= 2.1.2 < 3.0.0":
  version "2.1.2"
  resolved "https://registry.npmjs.org/safer-buffer/-/safer-buffer-2.1.2.tgz"
  integrity sha512-YZo3K82SD7Riyi0E1EQPojLz7kpepnSQI9IyPbHHg1XXXevb5dJI7tpyN2ADxGcQbHG7vcyRHk0cbwqcQriUtg==

semver@^7.7.2:
  version "7.7.3"
  resolved "https://registry.npmjs.org/semver/-/semver-7.7.3.tgz"
  integrity sha512-SdsKMrI9TdgjdweUSR9MweHA4EJ8YxHn8DFaDisvhVlUOe4BF1tLD7GAj0lIqWVl+dPb/rExr0Btby5loQm20Q==

signal-exit@^4.1.0:
  version "4.1.0"
  resolved "https://registry.npmjs.org/signal-exit/-/signal-exit-4.1.0.tgz"
  integrity sha512-bzyZ1e88w9O1iNJbKnOlvYTrWPDl46O1bG0D3XInv+9tkPrxrN8jUUTiFlDkkmKWgn1M6CfIA13SuGqOa9Korw==

string-width@^4.1.0:
  version "4.2.3"
  resolved "https://registry.npmjs.org/string-width/-/string-width-4.2.3.tgz"
  integrity sha512-wKyQRQpjJ0sIp62ErSZdGsjMJWsap5oRNihHhu6G7JVO/9jIB6UyevL+tXuOqrng8j/cxKTWyWUwvSTriiZz/g==
  dependencies:
    emoji-regex "^8.0.0"
    is-fullwidth-code-point "^3.0.0"
    strip-ansi "^6.0.1"

strip-ansi@^6.0.0, strip-ansi@^6.0.1:
  version "6.0.1"
  resolved "https://registry.npmjs.org/strip-ansi/-/strip-ansi-6.0.1.tgz"
  integrity sha512-Y38VPSHcqkFrCpFnQ9vuSXmquuv5oXOKpGeT6aGrr3o3Gc9AlVa6JBfUSOCnbxGGZF+/0ooI7KrPuUSztUdU5A==
  dependencies:
    ansi-regex "^5.0.1"

tslib@^2.4.0:
  version "2.8.1"
  resolved "https://registry.npmjs.org/tslib/-/tslib-2.8.1.tgz"
  integrity sha512-oJFu94HQb+KVduSUQL7wnpmqnfmLsOA/nAh6b6EH0wCEoK0/mPeXU6c3wKDV83MkOuHPRHtSXKKU99IBazS/2w==

typanion@^3.14.0, typanion@^3.8.0:
  version "3.14.0"
  resolved "https://registry.npmjs.org/typanion/-/typanion-3.14.0.tgz"
  integrity sha512-ZW/lVMRabETuYCd9O9ZvMhAh8GslSqaUjxmK/JLPCh6l73CvLBiuXswj/+7LdnWOgYsQ130FqLzFz5aGT4I3Ug==

universal-user-agent@^7.0.0, universal-user-agent@^7.0.2:
  version "7.0.3"
  resolved "https://registry.npmjs.org/universal-user-agent/-/universal-user-agent-7.0.3.tgz"
  integrity sha512-TmnEAEAsBJVZM/AADELsK76llnwcf9vMKuPz8JflO1frO8Lchitr0fNaN9d+Ap0BjKtqWqd/J17qeDnXh8CL2A==

wrap-ansi@^6.2.0:
  version "6.2.0"
  resolved "https://registry.npmjs.org/wrap-ansi/-/wrap-ansi-6.2.0.tgz"
  integrity sha512-r6lPcBGxZXlIcymEu7InxDMhdW0KDxpLgoFLcguasxCaJ/SOIZwINatK9KY/tf+ZrlywOKU0UDj3ATXUBfxJXA==
  dependencies:
    ansi-styles "^4.0.0"
    string-width "^4.1.0"
    strip-ansi "^6.0.0"

yoctocolors-cjs@^2.1.2:
  version "2.1.3"
  resolved "https://registry.npmjs.org/yoctocolors-cjs/-/yoctocolors-cjs-2.1.3.tgz"
  integrity sha512-U/PBtDf35ff0D8X8D0jfdzHYEPFxAI7jJlxZXwCSez5M3190m+QobIfh+sWDWSHMCWWJN2AWamkegn6vr6YBTw==
